
Microsoft Visual Studio Solution File, Format Version 12.00
# Visual Studio Version 16
VisualStudioVersion = 16.0.30128.74
MinimumVisualStudioVersion = 10.0.40219.1
Project("{FAE04EC0-301F-11D3-BF4B-00C04F79EFBC}") = "AddNewItems", "AddNewItems\AddNewItems.csproj", "{5DFC1B5D-B0CC-4F81-9F5A-0702B66F3088}"
EndProject
Global
	GlobalSection(SolutionConfigurationPlatforms) = preSolution
		Debug|Any CPU = Debug|Any CPU
		Release|Any CPU = Release|Any CPU
	EndGlobalSection
	GlobalSection(ProjectConfigurationPlatforms) = postSolution
		{5DFC1B5D-B0CC-4F81-9F5A-0702B66F3088}.Debug|Any CPU.ActiveCfg = Debug|Any CPU
		{5DFC1B5D-B0CC-4F81-9F5A-0702B66F3088}.Debug|Any CPU.Build.0 = Debug|Any CPU
		{5DFC1B5D-B0CC-4F81-9F5A-0702B66F3088}.Release|Any CPU.ActiveCfg = Release|Any CPU
		{5DFC1B5D-B0CC-4F81-9F5A-0702B66F3088}.Release|Any CPU.Build.0 = Release|Any CPU
	EndGlobalSection
	GlobalSection(SolutionProperties) = preSolution
		HideSolutionNode = FALSE
	EndGlobalSection
	GlobalSection(ExtensibilityGlobals) = postSolution
		SolutionGuid = {314A4771-148B-43C7-B9F4-CA7676274D49}
	EndGlobalSection
EndGlobal
